
Microsoft Visual Studio Solution File, Format Version 12.00
# Visual Studio Version 17
VisualStudioVersion = 17.6.33829.357
MinimumVisualStudioVersion = 10.0.40219.1
Project("{9A19103F-16F7-4668-BE54-9A1E7A4F7556}") = "HotelListing.API", "HotelListing.API\HotelListing.API.csproj", "{10E2DE10-825E-431E-86B2-0935338BDF9B}"
EndProject
Global
	GlobalSection(SolutionConfigurationPlatforms) = preSolution
		Debug|Any CPU = Debug|Any CPU
		Release|Any CPU = Release|Any CPU
	EndGlobalSection
	GlobalSection(ProjectConfigurationPlatforms) = postSolution
		{10E2DE10-825E-431E-86B2-0935338BDF9B}.Debug|Any CPU.ActiveCfg = Debug|Any CPU
		{10E2DE10-825E-431E-86B2-0935338BDF9B}.Debug|Any CPU.Build.0 = Debug|Any CPU
		{10E2DE10-825E-431E-86B2-0935338BDF9B}.Release|Any CPU.ActiveCfg = Release|Any CPU
		{10E2DE10-825E-431E-86B2-0935338BDF9B}.Release|Any CPU.Build.0 = Release|Any CPU
	EndGlobalSection
	GlobalSection(SolutionProperties) = preSolution
		HideSolutionNode = FALSE
	EndGlobalSection
	GlobalSection(ExtensibilityGlobals) = postSolution
		SolutionGuid = {C950A236-3056-4311-A351-A933E2CFA5BC}
	EndGlobalSection
EndGlobal
